
Microsoft Visual Studio Solution File, Format Version 12.00
# Visual Studio 15
VisualStudioVersion = 15.0.28307.136
MinimumVisualStudioVersion = 10.0.40219.1
Project("{FAE04EC0-301F-11D3-BF4B-00C04F79EFBC}") = "Travel Experts Services WPF", "Travel Experts Services WPF\Travel Experts Services WPF.csproj", "{435E9D9B-7FFB-4E31-94ED-8B118D6DAC57}"
EndProject
Project("{FAE04EC0-301F-11D3-BF4B-00C04F79EFBC}") = "TravelExpertsDB", "TravelExpertsDB\TravelExpertsDB.csproj", "{7821BEBB-9D98-4740-AD23-4DA718FB5573}"
EndProject
Global
	GlobalSection(SolutionConfigurationPlatforms) = preSolution
		Debug|Any CPU = Debug|Any CPU
		Release|Any CPU = Release|Any CPU
	EndGlobalSection
	GlobalSection(ProjectConfigurationPlatforms) = postSolution
		{435E9D9B-7FFB-4E31-94ED-8B118D6DAC57}.Debug|Any CPU.ActiveCfg = Debug|Any CPU
		{435E9D9B-7FFB-4E31-94ED-8B118D6DAC57}.Debug|Any CPU.Build.0 = Debug|Any CPU
		{435E9D9B-7FFB-4E31-94ED-8B118D6DAC57}.Release|Any CPU.ActiveCfg = Release|Any CPU
		{435E9D9B-7FFB-4E31-94ED-8B118D6DAC57}.Release|Any CPU.Build.0 = Release|Any CPU
		{7821BEBB-9D98-4740-AD23-4DA718FB5573}.Debug|Any CPU.ActiveCfg = Debug|Any CPU
		{7821BEBB-9D98-4740-AD23-4DA718FB5573}.Debug|Any CPU.Build.0 = Debug|Any CPU
		{7821BEBB-9D98-4740-AD23-4DA718FB5573}.Release|Any CPU.ActiveCfg = Release|Any CPU
		{7821BEBB-9D98-4740-AD23-4DA718FB5573}.Release|Any CPU.Build.0 = Release|Any CPU
	EndGlobalSection
	GlobalSection(SolutionProperties) = preSolution
		HideSolutionNode = FALSE
	EndGlobalSection
	GlobalSection(ExtensibilityGlobals) = postSolution
		SolutionGuid = {CF9AC7BD-3E96-4895-B722-E35A6048CA4A}
	EndGlobalSection
EndGlobal
